// !$*UTF8*$!
{
	archiveVersion = 1;
	classes = {
	};
	objectVersion = 46;
	objects = {

/* Begin PBXBuildFile section */
		B89A0AC61F6025F500E99B38 /* AppDelegate.swift in Sources */ = {isa = PBXBuildFile; fileRef = B89A0AC51F6025F500E99B38 /* AppDelegate.swift */; };
		B89A0AC81F6025F500E99B38 /* ViewController.swift in Sources */ = {isa = PBXBuildFile; fileRef = B89A0AC71F6025F500E99B38 /* ViewController.swift */; };
		B89A0ACB1F6025F500E99B38 /* Main.storyboard in Resources */ = {isa = PBXBuildFile; fileRef = B89A0AC91F6025F500E99B38 /* Main.storyboard */; };
		B89A0ACD1F6025F500E99B38 /* Assets.xcassets in Resources */ = {isa = PBXBuildFile; fileRef = B89A0ACC1F6025F500E99B38 /* Assets.xcassets */; };
		B89A0AD01F6025F500E99B38 /* LaunchScreen.storyboard in Resources */ = {isa = PBXBuildFile; fileRef = B89A0ACE1F6025F500E99B38 /* LaunchScreen.storyboard */; };
/* End PBXBuildFile section */

/* Begin PBXFileReference section */
		B89A0AC21F6025F500E99B38 /* Running.app */ = {isa = PBXFileReference; explicitFileType = wrapper.application; includeInIndex = 0; path = Running.app; sourceTree = BUILT_PRODUCTS_DIR; };
		B89A0AC51F6025F500E99B38 /* AppDelegate.swift */ = {isa = PBXFileReference; lastKnownFileType = sourcecode.swift; path = AppDelegate.swift; sourceTree = "<group>"; };
		B89A0AC71F6025F500E99B38 /* ViewController.swift */ = {isa = PBXFileReference; lastKnownFileType = sourcecode.swift; path = ViewController.swift; sourceTree = "<group>"; };
		B89A0ACA1F6025F500E99B38 /* Base */ = {isa = PBXFileReference; lastKnownFileType = file.storyboard; name = Base; path = Base.lproj/Main.storyboard; sourceTree = "<group>"; };
		B89A0ACC1F6025F500E99B38 /* Assets.xcassets */ = {isa = PBXFileReference; lastKnownFileType = folder.assetcatalog; path = Assets.xcassets; sourceTree = "<group>"; };
		B89A0ACF1F6025F500E99B38 /* Base */ = {isa = PBXFileReference; lastKnownFileType = file.storyboard; name = Base; path = Base.lproj/LaunchScreen.storyboard; sourceTree = "<group>"; };
		B89A0AD11F6025F500E99B38 /* Info.plist */ = {isa = PBXFileReference; lastKnownFileType = text.plist.xml; path = Info.plist; sourceTree = "<group>"; };
/* End PBXFileReference section */

/* Begin PBXFrameworksBuildPhase section */
		B89A0ABF1F6025F500E99B38 /* Frameworks */ = {
			isa = PBXFrameworksBuildPhase;
			buildActionMask = 2147483647;
			files = (
			);
			runOnlyForDeploymentPostprocessing = 0;
		};
/* End PBXFrameworksBuildPhase section */

/* Begin PBXGroup section */
		B89A0AB91F6025F500E99B38 = {
			isa = PBXGroup;
			children = (
				B89A0AC41F6025F500E99B38 /* Running */,
				B89A0AC31F6025F500E99B38 /* Products */,
			);
			sourceTree = "<group>";
		};
		B89A0AC31F6025F500E99B38 /* Products */ = {
			isa = PBXGroup;
			children = (
				B89A0AC21F6025F500E99B38 /* Running.app */,
			);
			name = Products;
			sourceTree = "<group>";
		};
		B89A0AC41F6025F500E99B38 /* Running */ = {
			isa = PBXGroup;
			children = (
				B89A0AC51F6025F500E99B38 /* AppDelegate.swift */,
				B89A0AC71F6025F500E99B38 /* ViewController.swift */,
				B89A0AC91F6025F500E99B38 /* Main.storyboard */,
				B89A0ACC1F6025F500E99B38 /* Assets.xcassets */,
				B89A0ACE1F6025F500E99B38 /* LaunchScreen.storyboard */,
				B89A0AD11F6025F500E99B38 /* Info.plist */,
			);
			path = Running;
			sourceTree = "<group>";
		};
/* End PBXGroup section */

/* Begin PBXNativeTarget section */
		B89A0AC11F6025F500E99B38 /* Running */ = {
			isa = PBXNativeTarget;
			buildConfigurationList = B89A0AD41F6025F500E99B38 /* Build configuration list for PBXNativeTarget "Running" */;
			buildPhases = (
				B89A0ABE1F6025F500E99B38 /* Sources */,
				B89A0ABF1F6025F500E99B38 /* Frameworks */,
				B89A0AC01F6025F500E99B38 /* Resources */,
			);
			buildRules = (
			);
			dependencies = (
			);
			name = Running;
			productName = Running;
			productReference = B89A0AC21F6025F500E99B38 /* Running.app */;
			productType = "com.apple.product-type.application";
		};
/* End PBXNativeTarget section */

/* Begin PBXProject section */
		B89A0ABA1F6025F500E99B38 /* Project object */ = {
			isa = PBXProject;
			attributes = {
				LastSwiftUpdateCheck = 0830;
				LastUpgradeCheck = 0830;
				ORGANIZATIONNAME = nicklee;
				TargetAttributes = {
					B89A0AC11F6025F500E99B38 = {
						CreatedOnToolsVersion = 8.3.3;
						ProvisioningStyle = Automatic;
					};
				};
			};
			buildConfigurationList = B89A0ABD1F6025F500E99B38 /* Build configuration list for PBXProject "Running" */;
			compatibilityVersion = "Xcode 3.2";
			developmentRegion = English;
			hasScannedForEncodings = 0;
			knownRegions = (
				en,
				Base,
			);
			mainGroup = B89A0AB91F6025F500E99B38;
			productRefGroup = B89A0AC31F6025F500E99B38 /* Products */;
			projectDirPath = "";
			projectRoot = "";
			targets = (
				B89A0AC11F6025F500E99B38 /* Running */,
			);
		};
/* End PBXProject section */

/* Begin PBXResourcesBuildPhase section */
		B89A0AC01F6025F500E99B38 /* Resources */ = {
			isa = PBXResourcesBuildPhase;
			buildActionMask = 2147483647;
			files = (
				B89A0AD01F6025F500E99B38 /* LaunchScreen.storyboard in Resources */,
				B89A0ACD1F6025F500E99B38 /* Assets.xcassets in Resources */,
				B89A0ACB1F6025F500E99B38 /* Main.storyboard in Resources */,
			);
			runOnlyForDeploymentPostprocessing = 0;
		};
/* End PBXResourcesBuildPhase section */

/* Begin PBXSourcesBuildPhase section */
		B89A0ABE1F6025F500E99B38 /* Sources */ = {
			isa = PBXSourcesBuildPhase;
			buildActionMask = 2147483647;
			files = (
				B89A0AC81F6025F500E99B38 /* ViewController.swift in Sources */,
				B89A0AC61F6025F500E99B38 /* AppDelegate.swift in Sources */,
			);
			runOnlyForDeploymentPostprocessing = 0;
		};
/* End PBXSourcesBuildPhase section */

/* Begin PBXVariantGroup section */
		B89A0AC91F6025F500E99B38 /* Main.storyboard */ = {
			isa = PBXVariantGroup;
			children = (
				B89A0ACA1F6025F500E99B38 /* Base */,
			);
			name = Main.storyboard;
			sourceTree = "<group>";
		};
		B89A0ACE1F6025F500E99B38 /* LaunchScreen.storyboard */ = {
			isa = PBXVariantGroup;
			children = (
				B89A0ACF1F6025F500E99B38 /* Base */,
			);
			name = LaunchScreen.storyboard;
			sourceTree = "<group>";
		};
/* End PBXVariantGroup section */

/* Begin XCBuildConfiguration section */
		B89A0AD21F6025F500E99B38 /* Debug */ = {
			isa = XCBuildConfiguration;
			buildSettings = {
				ALWAYS_SEARCH_USER_PATHS = NO;
				CLANG_ANALYZER_NONNULL = YES;
				CLANG_ANALYZER_NUMBER_OBJECT_CONVERSION = YES_AGGRESSIVE;
				CLANG_CXX_LANGUAGE_STANDARD = "gnu++0x";
				CLANG_CXX_LIBRARY = "libc++";
				CLANG_ENABLE_MODULES = YES;
				CLANG_ENABLE_OBJC_ARC = YES;
				CLANG_WARN_BOOL_CONVERSION = YES;
				CLANG_WARN_CONSTANT_CONVERSION = YES;
				CLANG_WARN_DIRECT_OBJC_ISA_USAGE = YES_ERROR;
				CLANG_WARN_DOCUMENTATION_COMMENTS = YES;
				CLANG_WARN_EMPTY_BODY = YES;
				CLANG_WARN_ENUM_CONVERSION = YES;
				CLANG_WARN_INFINITE_RECURSION = YES;
				CLANG_WARN_INT_CONVERSION = YES;
				CLANG_WARN_OBJC_ROOT_CLASS = YES_ERROR;
				CLANG_WARN_SUSPICIOUS_MOVE = YES;
				CLANG_WARN_UNREACHABLE_CODE = YES;
				CLANG_WARN__DUPLICATE_METHOD_MATCH = YES;
				"CODE_SIGN_IDENTITY[sdk=iphoneos*]" = "iPhone Developer";
				COPY_PHASE_STRIP = NO;
				DEBUG_INFORMATION_FORMAT = dwarf;
				ENABLE_STRICT_OBJC_MSGSEND = YES;
				ENABLE_TESTABILITY = YES;
				GCC_C_LANGUAGE_STANDARD = gnu99;
				GCC_DYNAMIC_NO_PIC = NO;
				GCC_NO_COMMON_BLOCKS = YES;
				GCC_OPTIMIZATION_LEVEL = 0;
				GCC_PREPROCESSOR_DEFINITIONS = (
					"DEBUG=1",
					"$(inherited)",
				);
				GCC_WARN_64_TO_32_BIT_CONVERSION = YES;
				GCC_WARN_ABOUT_RETURN_TYPE = YES_ERROR;
				GCC_WARN_UNDECLARED_SELECTOR = YES;
				GCC_WARN_UNINITIALIZED_AUTOS = YES_AGGRESSIVE;
				GCC_WARN_UNUSED_FUNCTION = YES;
				GCC_WARN_UNUSED_VARIABLE = YES;
				IPHONEOS_DEPLOYMENT_TARGET = 10.3;
				MTL_ENABLE_DEBUG_INFO = YES;
				ONLY_ACTIVE_ARCH = YES;
				SDKROOT = iphoneos;
				SWIFT_ACTIVE_COMPILATION_CONDITIONS = DEBUG;
				SWIFT_OPTIMIZATION_LEVEL = "-Onone";
				TARGETED_DEVICE_FAMILY = "1,2";
			};
			name = Debug;
		};
		B89A0AD31F6025F500E99B38 /* Release */ = {
			isa = XCBuildConfiguration;
			buildSettings = {
				ALWAYS_SEARCH_USER_PATHS = NO;
				CLANG_ANALYZER_NONNULL = YES;
				CLANG_ANALYZER_NUMBER_OBJECT_CONVERSION = YES_AGGRESSIVE;
				CLANG_CXX_LANGUAGE_STANDARD = "gnu++0x";
				CLANG_CXX_LIBRARY = "libc++";
				CLANG_ENABLE_MODULES = YES;
				CLANG_ENABLE_OBJC_ARC = YES;
				CLANG_WARN_BOOL_CONVERSION = YES;
				CLANG_WARN_CONSTANT_CONVERSION = YES;
				CLANG_WARN_DIRECT_OBJC_ISA_USAGE = YES_ERROR;
				CLANG_WARN_DOCUMENTATION_COMMENTS = YES;
				CLANG_WARN_EMPTY_BODY = YES;
				CLANG_WARN_ENUM_CONVERSION = YES;
				CLANG_WARN_INFINITE_RECURSION = YES;
				CLANG_WARN_INT_CONVERSION = YES;
				CLANG_WARN_OBJC_ROOT_CLASS = YES_ERROR;
				CLANG_WARN_SUSPICIOUS_MOVE = YES;
				CLANG_WARN_UNREACHABLE_CODE = YES;
				CLANG_WARN__DUPLICATE_METHOD_MATCH = YES;
				"CODE_SIGN_IDENTITY[sdk=iphoneos*]" = "iPhone Developer";
				COPY_PHASE_STRIP = NO;
				DEBUG_INFORMATION_FORMAT = "dwarf-with-dsym";
				ENABLE_NS_ASSERTIONS = NO;
				ENABLE_STRICT_OBJC_MSGSEND = YES;
				GCC_C_LANGUAGE_STANDARD = gnu99;
				GCC_NO_COMMON_BLOCKS = YES;
				GCC_WARN_64_TO_32_BIT_CONVERSION = YES;
				GCC_WARN_ABOUT_RETURN_TYPE = YES_ERROR;
				GCC_WARN_UNDECLARED_SELECTOR = YES;
				GCC_WARN_UNINITIALIZED_AUTOS = YES_AGGRESSIVE;
				GCC_WARN_UNUSED_FUNCTION = YES;
				GCC_WARN_UNUSED_VARIABLE = YES;
				IPHONEOS_DEPLOYMENT_TARGET = 10.3;
				MTL_ENABLE_DEBUG_INFO = NO;
				SDKROOT = iphoneos;
				SWIFT_OPTIMIZATION_LEVEL = "-Owholemodule";
				TARGETED_DEVICE_FAMILY = "1,2";
				VALIDATE_PRODUCT = YES;
			};
			name = Release;
		};
		B89A0AD51F6025F500E99B38 /* Debug */ = {
			isa = XCBuildConfiguration;
			buildSettings = {
				ASSETCATALOG_COMPILER_APPICON_NAME = AppIcon;
				INFOPLIST_FILE = Running/Info.plist;
				LD_RUNPATH_SEARCH_PATHS = "$(inherited) @executable_path/Frameworks";
				PRODUCT_BUNDLE_IDENTIFIER = com.nicklee.Running;
				PRODUCT_NAME = "$(TARGET_NAME)";
				SWIFT_VERSION = 3.0;
			};
			name = Debug;
		};
		B89A0AD61F6025F500E99B38 /* Release */ = {
			isa = XCBuildConfiguration;
			buildSettings = {
				ASSETCATALOG_COMPILER_APPICON_NAME = AppIcon;
				INFOPLIST_FILE = Running/Info.plist;
				LD_RUNPATH_SEARCH_PATHS = "$(inherited) @executable_path/Frameworks";
				PRODUCT_BUNDLE_IDENTIFIER = com.nicklee.Running;
				PRODUCT_NAME = "$(TARGET_NAME)";
				SWIFT_VERSION = 3.0;
			};
			name = Release;
		};
/* End XCBuildConfiguration section */

/* Begin XCConfigurationList section */
		B89A0ABD1F6025F500E99B38 /* Build configuration list for PBXProject "Running" */ = {
			isa = XCConfigurationList;
			buildConfigurations = (
				B89A0AD21F6025F500E99B38 /* Debug */,
				B89A0AD31F6025F500E99B38 /* Release */,
			);
			defaultConfigurationIsVisible = 0;
			defaultConfigurationName = Release;
		};
		B89A0AD41F6025F500E99B38 /* Build configuration list for PBXNativeTarget "Running" */ = {
			isa = XCConfigurationList;
			buildConfigurations = (
				B89A0AD51F6025F500E99B38 /* Debug */,
				B89A0AD61F6025F500E99B38 /* Release */,
			);
			defaultConfigurationIsVisible = 0;
		};
/* End XCConfigurationList section */
	};
	rootObject = B89A0ABA1F6025F500E99B38 /* Project object */;
}
